// !$*UTF8*$!
{
	archiveVersion = 1;
	classes = {
	};
	objectVersion = 77;
	objects = {

/* Begin PBXContainerItemProxy section */
		DF7E20A52D809E4400E30F9D /* PBXContainerItemProxy */ = {
			isa = PBXContainerItemProxy;
			containerPortal = DF7E208C2D809E4300E30F9D /* Project object */;
			proxyType = 1;
			remoteGlobalIDString = DF7E20932D809E4300E30F9D;
			remoteInfo = ExamenDINT_AlvaroCamacho;
		};
		DF7E20AF2D809E4400E30F9D /* PBXContainerItemProxy */ = {
			isa = PBXContainerItemProxy;
			containerPortal = DF7E208C2D809E4300E30F9D /* Project object */;
			proxyType = 1;
			remoteGlobalIDString = DF7E20932D809E4300E30F9D;
			remoteInfo = ExamenDINT_AlvaroCamacho;
		};
/* End PBXContainerItemProxy section */

/* Begin PBXFileReference section */
		DF7E20942D809E4300E30F9D /* ExamenDINT_AlvaroCamacho.app */ = {isa = PBXFileReference; explicitFileType = wrapper.application; includeInIndex = 0; path = ExamenDINT_AlvaroCamacho.app; sourceTree = BUILT_PRODUCTS_DIR; };
		DF7E20A42D809E4400E30F9D /* ExamenDINT_AlvaroCamachoTests.xctest */ = {isa = PBXFileReference; explicitFileType = wrapper.cfbundle; includeInIndex = 0; path = ExamenDINT_AlvaroCamachoTests.xctest; sourceTree = BUILT_PRODUCTS_DIR; };
		DF7E20AE2D809E4400E30F9D /* ExamenDINT_AlvaroCamachoUITests.xctest */ = {isa = PBXFileReference; explicitFileType = wrapper.cfbundle; includeInIndex = 0; path = ExamenDINT_AlvaroCamachoUITests.xctest; sourceTree = BUILT_PRODUCTS_DIR; };
/* End PBXFileReference section */

/* Begin PBXFileSystemSynchronizedRootGroup section */
		DF7E20962D809E4300E30F9D /* ExamenDINT_AlvaroCamacho */ = {
			isa = PBXFileSystemSynchronizedRootGroup;
			path = ExamenDINT_AlvaroCamacho;
			sourceTree = "<group>";
		};
		DF7E20A72D809E4400E30F9D /* ExamenDINT_AlvaroCamachoTests */ = {
			isa = PBXFileSystemSynchronizedRootGroup;
			path = ExamenDINT_AlvaroCamachoTests;
			sourceTree = "<group>";
		};
		DF7E20B12D809E4400E30F9D /* ExamenDINT_AlvaroCamachoUITests */ = {
			isa = PBXFileSystemSynchronizedRootGroup;
			path = ExamenDINT_AlvaroCamachoUITests;
			sourceTree = "<group>";
		};
/* End PBXFileSystemSynchronizedRootGroup section */

/* Begin PBXFrameworksBuildPhase section */
		DF7E20912D809E4300E30F9D /* Frameworks */ = {
			isa = PBXFrameworksBuildPhase;
			buildActionMask = 2147483647;
			files = (
			);
			runOnlyForDeploymentPostprocessing = 0;
		};
		DF7E20A12D809E4400E30F9D /* Frameworks */ = {
			isa = PBXFrameworksBuildPhase;
			buildActionMask = 2147483647;
			files = (
			);
			runOnlyForDeploymentPostprocessing = 0;
		};
		DF7E20AB2D809E4400E30F9D /* Frameworks */ = {
			isa = PBXFrameworksBuildPhase;
			buildActionMask = 2147483647;
			files = (
			);
			runOnlyForDeploymentPostprocessing = 0;
		};
/* End PBXFrameworksBuildPhase section */

/* Begin PBXGroup section */
		DF7E208B2D809E4300E30F9D = {
			isa = PBXGroup;
			children = (
				DF7E20962D809E4300E30F9D /* ExamenDINT_AlvaroCamacho */,
				DF7E20A72D809E4400E30F9D /* ExamenDINT_AlvaroCamachoTests */,
				DF7E20B12D809E4400E30F9D /* ExamenDINT_AlvaroCamachoUITests */,
				DF7E20952D809E4300E30F9D /* Products */,
			);
			sourceTree = "<group>";
		};
		DF7E20952D809E4300E30F9D /* Products */ = {
			isa = PBXGroup;
			children = (
				DF7E20942D809E4300E30F9D /* ExamenDINT_AlvaroCamacho.app */,
				DF7E20A42D809E4400E30F9D /* ExamenDINT_AlvaroCamachoTests.xctest */,
				DF7E20AE2D809E4400E30F9D /* ExamenDINT_AlvaroCamachoUITests.xctest */,
			);
			name = Products;
			sourceTree = "<group>";
		};
/* End PBXGroup section */

/* Begin PBXNativeTarget section */
		DF7E20932D809E4300E30F9D /* ExamenDINT_AlvaroCamacho */ = {
			isa = PBXNativeTarget;
			buildConfigurationList = DF7E20B82D809E4400E30F9D /* Build configuration list for PBXNativeTarget "ExamenDINT_AlvaroCamacho" */;
			buildPhases = (
				DF7E20902D809E4300E30F9D /* Sources */,
				DF7E20912D809E4300E30F9D /* Frameworks */,
				DF7E20922D809E4300E30F9D /* Resources */,
			);
			buildRules = (
			);
			dependencies = (
			);
			fileSystemSynchronizedGroups = (
				DF7E20962D809E4300E30F9D /* ExamenDINT_AlvaroCamacho */,
			);
			name = ExamenDINT_AlvaroCamacho;
			packageProductDependencies = (
			);
			productName = ExamenDINT_AlvaroCamacho;
			productReference = DF7E20942D809E4300E30F9D /* ExamenDINT_AlvaroCamacho.app */;
			productType = "com.apple.product-type.application";
		};
		DF7E20A32D809E4400E30F9D /* ExamenDINT_AlvaroCamachoTests */ = {
			isa = PBXNativeTarget;
			buildConfigurationList = DF7E20BB2D809E4400E30F9D /* Build configuration list for PBXNativeTarget "ExamenDINT_AlvaroCamachoTests" */;
			buildPhases = (
				DF7E20A02D809E4400E30F9D /* Sources */,
				DF7E20A12D809E4400E30F9D /* Frameworks */,
				DF7E20A22D809E4400E30F9D /* Resources */,
			);
			buildRules = (
			);
			dependencies = (
				DF7E20A62D809E4400E30F9D /* PBXTargetDependency */,
			);
			fileSystemSynchronizedGroups = (
				DF7E20A72D809E4400E30F9D /* ExamenDINT_AlvaroCamachoTests */,
			);
			name = ExamenDINT_AlvaroCamachoTests;
			packageProductDependencies = (
			);
			productName = ExamenDINT_AlvaroCamachoTests;
			productReference = DF7E20A42D809E4400E30F9D /* ExamenDINT_AlvaroCamachoTests.xctest */;
			productType = "com.apple.product-type.bundle.unit-test";
		};
		DF7E20AD2D809E4400E30F9D /* ExamenDINT_AlvaroCamachoUITests */ = {
			isa = PBXNativeTarget;
			buildConfigurationList = DF7E20BE2D809E4400E30F9D /* Build configuration list for PBXNativeTarget "ExamenDINT_AlvaroCamachoUITests" */;
			buildPhases = (
				DF7E20AA2D809E4400E30F9D /* Sources */,
				DF7E20AB2D809E4400E30F9D /* Frameworks */,
				DF7E20AC2D809E4400E30F9D /* Resources */,
			);
			buildRules = (
			);
			dependencies = (
				DF7E20B02D809E4400E30F9D /* PBXTargetDependency */,
			);
			fileSystemSynchronizedGroups = (
				DF7E20B12D809E4400E30F9D /* ExamenDINT_AlvaroCamachoUITests */,
			);
			name = ExamenDINT_AlvaroCamachoUITests;
			packageProductDependencies = (
			);
			productName = ExamenDINT_AlvaroCamachoUITests;
			productReference = DF7E20AE2D809E4400E30F9D /* ExamenDINT_AlvaroCamachoUITests.xctest */;
			productType = "com.apple.product-type.bundle.ui-testing";
		};
/* End PBXNativeTarget section */

/* Begin PBXProject section */
		DF7E208C2D809E4300E30F9D /* Project object */ = {
			isa = PBXProject;
			attributes = {
				BuildIndependentTargetsInParallel = 1;
				LastSwiftUpdateCheck = 1600;
				LastUpgradeCheck = 1600;
				TargetAttributes = {
					DF7E20932D809E4300E30F9D = {
						CreatedOnToolsVersion = 16.0;
					};
					DF7E20A32D809E4400E30F9D = {
						CreatedOnToolsVersion = 16.0;
						TestTargetID = DF7E20932D809E4300E30F9D;
					};
					DF7E20AD2D809E4400E30F9D = {
						CreatedOnToolsVersion = 16.0;
						TestTargetID = DF7E20932D809E4300E30F9D;
					};
				};
			};
			buildConfigurationList = DF7E208F2D809E4300E30F9D /* Build configuration list for PBXProject "ExamenDINT_AlvaroCamacho" */;
			developmentRegion = en;
			hasScannedForEncodings = 0;
			knownRegions = (
				en,
				Base,
			);
			mainGroup = DF7E208B2D809E4300E30F9D;
			minimizedProjectReferenceProxies = 1;
			preferredProjectObjectVersion = 77;
			productRefGroup = DF7E20952D809E4300E30F9D /* Products */;
			projectDirPath = "";
			projectRoot = "";
			targets = (
				DF7E20932D809E4300E30F9D /* ExamenDINT_AlvaroCamacho */,
				DF7E20A32D809E4400E30F9D /* ExamenDINT_AlvaroCamachoTests */,
				DF7E20AD2D809E4400E30F9D /* ExamenDINT_AlvaroCamachoUITests */,
			);
		};
/* End PBXProject section */

/* Begin PBXResourcesBuildPhase section */
		DF7E20922D809E4300E30F9D /* Resources */ = {
			isa = PBXResourcesBuildPhase;
			buildActionMask = 2147483647;
			files = (
			);
			runOnlyForDeploymentPostprocessing = 0;
		};
		DF7E20A22D809E4400E30F9D /* Resources */ = {
			isa = PBXResourcesBuildPhase;
			buildActionMask = 2147483647;
			files = (
			);
			runOnlyForDeploymentPostprocessing = 0;
		};
		DF7E20AC2D809E4400E30F9D /* Resources */ = {
			isa = PBXResourcesBuildPhase;
			buildActionMask = 2147483647;
			files = (
			);
			runOnlyForDeploymentPostprocessing = 0;
		};
/* End PBXResourcesBuildPhase section */

/* Begin PBXSourcesBuildPhase section */
		DF7E20902D809E4300E30F9D /* Sources */ = {
			isa = PBXSourcesBuildPhase;
			buildActionMask = 2147483647;
			files = (
			);
			runOnlyForDeploymentPostprocessing = 0;
		};
		DF7E20A02D809E4400E30F9D /* Sources */ = {
			isa = PBXSourcesBuildPhase;
			buildActionMask = 2147483647;
			files = (
			);
			runOnlyForDeploymentPostprocessing = 0;
		};
		DF7E20AA2D809E4400E30F9D /* Sources */ = {
			isa = PBXSourcesBuildPhase;
			buildActionMask = 2147483647;
			files = (
			);
			runOnlyForDeploymentPostprocessing = 0;
		};
/* End PBXSourcesBuildPhase section */

/* Begin PBXTargetDependency section */
		DF7E20A62D809E4400E30F9D /* PBXTargetDependency */ = {
			isa = PBXTargetDependency;
			target = DF7E20932D809E4300E30F9D /* ExamenDINT_AlvaroCamacho */;
			targetProxy = DF7E20A52D809E4400E30F9D /* PBXContainerItemProxy */;
		};
		DF7E20B02D809E4400E30F9D /* PBXTargetDependency */ = {
			isa = PBXTargetDependency;
			target = DF7E20932D809E4300E30F9D /* ExamenDINT_AlvaroCamacho */;
			targetProxy = DF7E20AF2D809E4400E30F9D /* PBXContainerItemProxy */;
		};
/* End PBXTargetDependency section */

/* Begin XCBuildConfiguration section */
		DF7E20B62D809E4400E30F9D /* Debug */ = {
			isa = XCBuildConfiguration;
			buildSettings = {
				ALWAYS_SEARCH_USER_PATHS = NO;
				ASSETCATALOG_COMPILER_GENERATE_SWIFT_ASSET_SYMBOL_EXTENSIONS = YES;
				CLANG_ANALYZER_NONNULL = YES;
				CLANG_ANALYZER_NUMBER_OBJECT_CONVERSION = YES_AGGRESSIVE;
				CLANG_CXX_LANGUAGE_STANDARD = "gnu++20";
				CLANG_ENABLE_MODULES = YES;
				CLANG_ENABLE_OBJC_ARC = YES;
				CLANG_ENABLE_OBJC_WEAK = YES;
				CLANG_WARN_BLOCK_CAPTURE_AUTORELEASING = YES;
				CLANG_WARN_BOOL_CONVERSION = YES;
				CLANG_WARN_COMMA = YES;
				CLANG_WARN_CONSTANT_CONVERSION = YES;
				CLANG_WARN_DEPRECATED_OBJC_IMPLEMENTATIONS = YES;
				CLANG_WARN_DIRECT_OBJC_ISA_USAGE = YES_ERROR;
				CLANG_WARN_DOCUMENTATION_COMMENTS = YES;
				CLANG_WARN_EMPTY_BODY = YES;
				CLANG_WARN_ENUM_CONVERSION = YES;
				CLANG_WARN_INFINITE_RECURSION = YES;
				CLANG_WARN_INT_CONVERSION = YES;
				CLANG_WARN_NON_LITERAL_NULL_CONVERSION = YES;
				CLANG_WARN_OBJC_IMPLICIT_RETAIN_SELF = YES;
				CLANG_WARN_OBJC_LITERAL_CONVERSION = YES;
				CLANG_WARN_OBJC_ROOT_CLASS = YES_ERROR;
				CLANG_WARN_QUOTED_INCLUDE_IN_FRAMEWORK_HEADER = YES;
				CLANG_WARN_RANGE_LOOP_ANALYSIS = YES;
				CLANG_WARN_STRICT_PROTOTYPES = YES;
				CLANG_WARN_SUSPICIOUS_MOVE = YES;
				CLANG_WARN_UNGUARDED_AVAILABILITY = YES_AGGRESSIVE;
				CLANG_WARN_UNREACHABLE_CODE = YES;
				CLANG_WARN__DUPLICATE_METHOD_MATCH = YES;
				COPY_PHASE_STRIP = NO;
				DEBUG_INFORMATION_FORMAT = dwarf;
				ENABLE_STRICT_OBJC_MSGSEND = YES;
				ENABLE_TESTABILITY = YES;
				ENABLE_USER_SCRIPT_SANDBOXING = YES;
				GCC_C_LANGUAGE_STANDARD = gnu17;
				GCC_DYNAMIC_NO_PIC = NO;
				GCC_NO_COMMON_BLOCKS = YES;
				GCC_OPTIMIZATION_LEVEL = 0;
				GCC_PREPROCESSOR_DEFINITIONS = (
					"DEBUG=1",
					"$(inherited)",
				);
				GCC_WARN_64_TO_32_BIT_CONVERSION = YES;
				GCC_WARN_ABOUT_RETURN_TYPE = YES_ERROR;
				GCC_WARN_UNDECLARED_SELECTOR = YES;
				GCC_WARN_UNINITIALIZED_AUTOS = YES_AGGRESSIVE;
				GCC_WARN_UNUSED_FUNCTION = YES;
				GCC_WARN_UNUSED_VARIABLE = YES;
				IPHONEOS_DEPLOYMENT_TARGET = 18.0;
				LOCALIZATION_PREFERS_STRING_CATALOGS = YES;
				MTL_ENABLE_DEBUG_INFO = INCLUDE_SOURCE;
				MTL_FAST_MATH = YES;
				ONLY_ACTIVE_ARCH = YES;
				SDKROOT = iphoneos;
				SWIFT_ACTIVE_COMPILATION_CONDITIONS = "DEBUG $(inherited)";
				SWIFT_OPTIMIZATION_LEVEL = "-Onone";
			};
			name = Debug;
		};
		DF7E20B72D809E4400E30F9D /* Release */ = {
			isa = XCBuildConfiguration;
			buildSettings = {
				ALWAYS_SEARCH_USER_PATHS = NO;
				ASSETCATALOG_COMPILER_GENERATE_SWIFT_ASSET_SYMBOL_EXTENSIONS = YES;
				CLANG_ANALYZER_NONNULL = YES;
				CLANG_ANALYZER_NUMBER_OBJECT_CONVERSION = YES_AGGRESSIVE;
				CLANG_CXX_LANGUAGE_STANDARD = "gnu++20";
				CLANG_ENABLE_MODULES = YES;
				CLANG_ENABLE_OBJC_ARC = YES;
				CLANG_ENABLE_OBJC_WEAK = YES;
				CLANG_WARN_BLOCK_CAPTURE_AUTORELEASING = YES;
				CLANG_WARN_BOOL_CONVERSION = YES;
				CLANG_WARN_COMMA = YES;
				CLANG_WARN_CONSTANT_CONVERSION = YES;
				CLANG_WARN_DEPRECATED_OBJC_IMPLEMENTATIONS = YES;
				CLANG_WARN_DIRECT_OBJC_ISA_USAGE = YES_ERROR;
				CLANG_WARN_DOCUMENTATION_COMMENTS = YES;
				CLANG_WARN_EMPTY_BODY = YES;
				CLANG_WARN_ENUM_CONVERSION = YES;
				CLANG_WARN_INFINITE_RECURSION = YES;
				CLANG_WARN_INT_CONVERSION = YES;
				CLANG_WARN_NON_LITERAL_NULL_CONVERSION = YES;
				CLANG_WARN_OBJC_IMPLICIT_RETAIN_SELF = YES;
				CLANG_WARN_OBJC_LITERAL_CONVERSION = YES;
				CLANG_WARN_OBJC_ROOT_CLASS = YES_ERROR;
				CLANG_WARN_QUOTED_INCLUDE_IN_FRAMEWORK_HEADER = YES;
				CLANG_WARN_RANGE_LOOP_ANALYSIS = YES;
				CLANG_WARN_STRICT_PROTOTYPES = YES;
				CLANG_WARN_SUSPICIOUS_MOVE = YES;
				CLANG_WARN_UNGUARDED_AVAILABILITY = YES_AGGRESSIVE;
				CLANG_WARN_UNREACHABLE_CODE = YES;
				CLANG_WARN__DUPLICATE_METHOD_MATCH = YES;
				COPY_PHASE_STRIP = NO;
				DEBUG_INFORMATION_FORMAT = "dwarf-with-dsym";
				ENABLE_NS_ASSERTIONS = NO;
				ENABLE_STRICT_OBJC_MSGSEND = YES;
				ENABLE_USER_SCRIPT_SANDBOXING = YES;
				GCC_C_LANGUAGE_STANDARD = gnu17;
				GCC_NO_COMMON_BLOCKS = YES;
				GCC_WARN_64_TO_32_BIT_CONVERSION = YES;
				GCC_WARN_ABOUT_RETURN_TYPE = YES_ERROR;
				GCC_WARN_UNDECLARED_SELECTOR = YES;
				GCC_WARN_UNINITIALIZED_AUTOS = YES_AGGRESSIVE;
				GCC_WARN_UNUSED_FUNCTION = YES;
				GCC_WARN_UNUSED_VARIABLE = YES;
				IPHONEOS_DEPLOYMENT_TARGET = 18.0;
				LOCALIZATION_PREFERS_STRING_CATALOGS = YES;
				MTL_ENABLE_DEBUG_INFO = NO;
				MTL_FAST_MATH = YES;
				SDKROOT = iphoneos;
				SWIFT_COMPILATION_MODE = wholemodule;
				VALIDATE_PRODUCT = YES;
			};
			name = Release;
		};
		DF7E20B92D809E4400E30F9D /* Debug */ = {
			isa = XCBuildConfiguration;
			buildSettings = {
				ASSETCATALOG_COMPILER_APPICON_NAME = AppIcon;
				ASSETCATALOG_COMPILER_GLOBAL_ACCENT_COLOR_NAME = AccentColor;
				CODE_SIGN_STYLE = Automatic;
				CURRENT_PROJECT_VERSION = 1;
				DEVELOPMENT_ASSET_PATHS = "\"ExamenDINT_AlvaroCamacho/Preview Content\"";
				DEVELOPMENT_TEAM = V7PZ7JS843;
				ENABLE_PREVIEWS = YES;
				GENERATE_INFOPLIST_FILE = YES;
				INFOPLIST_KEY_UIApplicationSceneManifest_Generation = YES;
				INFOPLIST_KEY_UIApplicationSupportsIndirectInputEvents = YES;
				INFOPLIST_KEY_UILaunchScreen_Generation = YES;
				INFOPLIST_KEY_UISupportedInterfaceOrientations_iPad = "UIInterfaceOrientationPortrait UIInterfaceOrientationPortraitUpsideDown UIInterfaceOrientationLandscapeLeft UIInterfaceOrientationLandscapeRight";
				INFOPLIST_KEY_UISupportedInterfaceOrientations_iPhone = "UIInterfaceOrientationPortrait UIInterfaceOrientationLandscapeLeft UIInterfaceOrientationLandscapeRight";
				LD_RUNPATH_SEARCH_PATHS = (
					"$(inherited)",
					"@executable_path/Frameworks",
				);
				MARKETING_VERSION = 1.0;
				PRODUCT_BUNDLE_IDENTIFIER = "com.alvarotr.ExamenDINT-AlvaroCamacho";
				PRODUCT_NAME = "$(TARGET_NAME)";
				SWIFT_EMIT_LOC_STRINGS = YES;
				SWIFT_VERSION = 5.0;
				TARGETED_DEVICE_FAMILY = "1,2";
			};
			name = Debug;
		};
		DF7E20BA2D809E4400E30F9D /* Release */ = {
			isa = XCBuildConfiguration;
			buildSettings = {
				ASSETCATALOG_COMPILER_APPICON_NAME = AppIcon;
				ASSETCATALOG_COMPILER_GLOBAL_ACCENT_COLOR_NAME = AccentColor;
				CODE_SIGN_STYLE = Automatic;
				CURRENT_PROJECT_VERSION = 1;
				DEVELOPMENT_ASSET_PATHS = "\"ExamenDINT_AlvaroCamacho/Preview Content\"";
				DEVELOPMENT_TEAM = V7PZ7JS843;
				ENABLE_PREVIEWS = YES;
				GENERATE_INFOPLIST_FILE = YES;
				INFOPLIST_KEY_UIApplicationSceneManifest_Generation = YES;
				INFOPLIST_KEY_UIApplicationSupportsIndirectInputEvents = YES;
				INFOPLIST_KEY_UILaunchScreen_Generation = YES;
				INFOPLIST_KEY_UISupportedInterfaceOrientations_iPad = "UIInterfaceOrientationPortrait UIInterfaceOrientationPortraitUpsideDown UIInterfaceOrientationLandscapeLeft UIInterfaceOrientationLandscapeRight";
				INFOPLIST_KEY_UISupportedInterfaceOrientations_iPhone = "UIInterfaceOrientationPortrait UIInterfaceOrientationLandscapeLeft UIInterfaceOrientationLandscapeRight";
				LD_RUNPATH_SEARCH_PATHS = (
					"$(inherited)",
					"@executable_path/Frameworks",
				);
				MARKETING_VERSION = 1.0;
				PRODUCT_BUNDLE_IDENTIFIER = "com.alvarotr.ExamenDINT-AlvaroCamacho";
				PRODUCT_NAME = "$(TARGET_NAME)";
				SWIFT_EMIT_LOC_STRINGS = YES;
				SWIFT_VERSION = 5.0;
				TARGETED_DEVICE_FAMILY = "1,2";
			};
			name = Release;
		};
		DF7E20BC2D809E4400E30F9D /* Debug */ = {
			isa = XCBuildConfiguration;
			buildSettings = {
				BUNDLE_LOADER = "$(TEST_HOST)";
				CODE_SIGN_STYLE = Automatic;
				CURRENT_PROJECT_VERSION = 1;
				DEVELOPMENT_TEAM = V7PZ7JS843;
				GENERATE_INFOPLIST_FILE = YES;
				IPHONEOS_DEPLOYMENT_TARGET = 18.0;
				MARKETING_VERSION = 1.0;
				PRODUCT_BUNDLE_IDENTIFIER = "com.alvarotr.ExamenDINT-AlvaroCamachoTests";
				PRODUCT_NAME = "$(TARGET_NAME)";
				SWIFT_EMIT_LOC_STRINGS = NO;
				SWIFT_VERSION = 5.0;
				TARGETED_DEVICE_FAMILY = "1,2";
				TEST_HOST = "$(BUILT_PRODUCTS_DIR)/ExamenDINT_AlvaroCamacho.app/$(BUNDLE_EXECUTABLE_FOLDER_PATH)/ExamenDINT_AlvaroCamacho";
			};
			name = Debug;
		};
		DF7E20BD2D809E4400E30F9D /* Release */ = {
			isa = XCBuildConfiguration;
			buildSettings = {
				BUNDLE_LOADER = "$(TEST_HOST)";
				CODE_SIGN_STYLE = Automatic;
				CURRENT_PROJECT_VERSION = 1;
				DEVELOPMENT_TEAM = V7PZ7JS843;
				GENERATE_INFOPLIST_FILE = YES;
				IPHONEOS_DEPLOYMENT_TARGET = 18.0;
				MARKETING_VERSION = 1.0;
				PRODUCT_BUNDLE_IDENTIFIER = "com.alvarotr.ExamenDINT-AlvaroCamachoTests";
				PRODUCT_NAME = "$(TARGET_NAME)";
				SWIFT_EMIT_LOC_STRINGS = NO;
				SWIFT_VERSION = 5.0;
				TARGETED_DEVICE_FAMILY = "1,2";
				TEST_HOST = "$(BUILT_PRODUCTS_DIR)/ExamenDINT_AlvaroCamacho.app/$(BUNDLE_EXECUTABLE_FOLDER_PATH)/ExamenDINT_AlvaroCamacho";
			};
			name = Release;
		};
		DF7E20BF2D809E4400E30F9D /* Debug */ = {
			isa = XCBuildConfiguration;
			buildSettings = {
				CODE_SIGN_STYLE = Automatic;
				CURRENT_PROJECT_VERSION = 1;
				DEVELOPMENT_TEAM = V7PZ7JS843;
				GENERATE_INFOPLIST_FILE = YES;
				MARKETING_VERSION = 1.0;
				PRODUCT_BUNDLE_IDENTIFIER = "com.alvarotr.ExamenDINT-AlvaroCamachoUITests";
				PRODUCT_NAME = "$(TARGET_NAME)";
				SWIFT_EMIT_LOC_STRINGS = NO;
				SWIFT_VERSION = 5.0;
				TARGETED_DEVICE_FAMILY = "1,2";
				TEST_TARGET_NAME = ExamenDINT_AlvaroCamacho;
			};
			name = Debug;
		};
		DF7E20C02D809E4400E30F9D /* Release */ = {
			isa = XCBuildConfiguration;
			buildSettings = {
				CODE_SIGN_STYLE = Automatic;
				CURRENT_PROJECT_VERSION = 1;
				DEVELOPMENT_TEAM = V7PZ7JS843;
				GENERATE_INFOPLIST_FILE = YES;
				MARKETING_VERSION = 1.0;
				PRODUCT_BUNDLE_IDENTIFIER = "com.alvarotr.ExamenDINT-AlvaroCamachoUITests";
				PRODUCT_NAME = "$(TARGET_NAME)";
				SWIFT_EMIT_LOC_STRINGS = NO;
				SWIFT_VERSION = 5.0;
				TARGETED_DEVICE_FAMILY = "1,2";
				TEST_TARGET_NAME = ExamenDINT_AlvaroCamacho;
			};
			name = Release;
		};
/* End XCBuildConfiguration section */

/* Begin XCConfigurationList section */
		DF7E208F2D809E4300E30F9D /* Build configuration list for PBXProject "ExamenDINT_AlvaroCamacho" */ = {
			isa = XCConfigurationList;
			buildConfigurations = (
				DF7E20B62D809E4400E30F9D /* Debug */,
				DF7E20B72D809E4400E30F9D /* Release */,
			);
			defaultConfigurationIsVisible = 0;
			defaultConfigurationName = Release;
		};
		DF7E20B82D809E4400E30F9D /* Build configuration list for PBXNativeTarget "ExamenDINT_AlvaroCamacho" */ = {
			isa = XCConfigurationList;
			buildConfigurations = (
				DF7E20B92D809E4400E30F9D /* Debug */,
				DF7E20BA2D809E4400E30F9D /* Release */,
			);
			defaultConfigurationIsVisible = 0;
			defaultConfigurationName = Release;
		};
		DF7E20BB2D809E4400E30F9D /* Build configuration list for PBXNativeTarget "ExamenDINT_AlvaroCamachoTests" */ = {
			isa = XCConfigurationList;
			buildConfigurations = (
				DF7E20BC2D809E4400E30F9D /* Debug */,
				DF7E20BD2D809E4400E30F9D /* Release */,
			);
			defaultConfigurationIsVisible = 0;
			defaultConfigurationName = Release;
		};
		DF7E20BE2D809E4400E30F9D /* Build configuration list for PBXNativeTarget "ExamenDINT_AlvaroCamachoUITests" */ = {
			isa = XCConfigurationList;
			buildConfigurations = (
				DF7E20BF2D809E4400E30F9D /* Debug */,
				DF7E20C02D809E4400E30F9D /* Release */,
			);
			defaultConfigurationIsVisible = 0;
			defaultConfigurationName = Release;
		};
/* End XCConfigurationList section */
	};
	rootObject = DF7E208C2D809E4300E30F9D /* Project object */;
}
